
Microsoft Visual Studio Solution File, Format Version 12.00
# Visual Studio Version 16
VisualStudioVersion = 25.0.1700.0
MinimumVisualStudioVersion = 10.0.40219.1
Project("{FAE04EC0-301F-11D3-BF4B-00C04F79EFBC}") = "CSHARP", "CSHARP\CSHARP.csproj", "{F00C6D2B-DF73-4DAB-9287-7F468380AA45}"
EndProject
Global
	GlobalSection(SolutionConfigurationPlatforms) = preSolution
		Debug|Any CPU = Debug|Any CPU
		Release|Any CPU = Release|Any CPU
	EndGlobalSection
	GlobalSection(ProjectConfigurationPlatforms) = postSolution
		{F00C6D2B-DF73-4DAB-9287-7F468380AA45}.Debug|Any CPU.ActiveCfg = Debug|Any CPU
		{F00C6D2B-DF73-4DAB-9287-7F468380AA45}.Debug|Any CPU.Build.0 = Debug|Any CPU
		{F00C6D2B-DF73-4DAB-9287-7F468380AA45}.Release|Any CPU.ActiveCfg = Release|Any CPU
		{F00C6D2B-DF73-4DAB-9287-7F468380AA45}.Release|Any CPU.Build.0 = Release|Any CPU
	EndGlobalSection
	GlobalSection(SolutionProperties) = preSolution
		HideSolutionNode = FALSE
	EndGlobalSection
	GlobalSection(ExtensibilityGlobals) = postSolution
		SolutionGuid = {4E818E2C-EC2F-4D93-B0D3-08EBD30D1C0E}
	EndGlobalSection
EndGlobal
